
Microsoft Visual Studio Solution File, Format Version 11.00
# Visual Studio 2010
Project("{FAE04EC0-301F-11D3-BF4B-00C04F79EFBC}") = "testWebMVC3Razor", "testWebMVC3Razor\testWebMVC3Razor.csproj", "{3047383B-57D2-461B-887F-BFF0DB9AB96D}"
EndProject
Global
	GlobalSection(SolutionConfigurationPlatforms) = preSolution
		Debug|Any CPU = Debug|Any CPU
		Release|Any CPU = Release|Any CPU
	EndGlobalSection
	GlobalSection(ProjectConfigurationPlatforms) = postSolution
		{3047383B-57D2-461B-887F-BFF0DB9AB96D}.Debug|Any CPU.ActiveCfg = Debug|Any CPU
		{3047383B-57D2-461B-887F-BFF0DB9AB96D}.Debug|Any CPU.Build.0 = Debug|Any CPU
		{3047383B-57D2-461B-887F-BFF0DB9AB96D}.Release|Any CPU.ActiveCfg = Release|Any CPU
		{3047383B-57D2-461B-887F-BFF0DB9AB96D}.Release|Any CPU.Build.0 = Release|Any CPU
	EndGlobalSection
	GlobalSection(MonoDevelopProperties) = preSolution
		StartupItem = testWebMVC3Razor\testWebMVC3Razor.csproj
	EndGlobalSection
EndGlobal
